// !$*UTF8*$!
{
	archiveVersion = 1;
	classes = {
	};
	objectVersion = 50;
	objects = {

/* Begin PBXBuildFile section */
		5F1012C423E7507F0022C3F0 /* FollowersCVCell.swift in Sources */ = {isa = PBXBuildFile; fileRef = 5F1012C323E7507F0022C3F0 /* FollowersCVCell.swift */; };
		5F1012C623E751C80022C3F0 /* GFAvatarImageView.swift in Sources */ = {isa = PBXBuildFile; fileRef = 5F1012C523E751C80022C3F0 /* GFAvatarImageView.swift */; };
		5F4B1DA423E9D53200DE98E0 /* FavouriteCell.swift in Sources */ = {isa = PBXBuildFile; fileRef = 5F4B1DA323E9D53200DE98E0 /* FavouriteCell.swift */; };
		5F4B1DA723E9E9A900DE98E0 /* GFTabBarController.swift in Sources */ = {isa = PBXBuildFile; fileRef = 5F4B1DA623E9E9A900DE98E0 /* GFTabBarController.swift */; };
		5F50BC4023E6E307003F28D7 /* GFButton.swift in Sources */ = {isa = PBXBuildFile; fileRef = 5F50BC3F23E6E307003F28D7 /* GFButton.swift */; };
		5F50BC4223E6E6AF003F28D7 /* GFTextField.swift in Sources */ = {isa = PBXBuildFile; fileRef = 5F50BC4123E6E6AF003F28D7 /* GFTextField.swift */; };
		5F50BC4423E6EFE5003F28D7 /* FollowerListVC.swift in Sources */ = {isa = PBXBuildFile; fileRef = 5F50BC4323E6EFE5003F28D7 /* FollowerListVC.swift */; };
		5F50BC4823E6F3F2003F28D7 /* GFTitleLabel.swift in Sources */ = {isa = PBXBuildFile; fileRef = 5F50BC4723E6F3F2003F28D7 /* GFTitleLabel.swift */; };
		5F50BC4A23E6F535003F28D7 /* GFBodyLabel.swift in Sources */ = {isa = PBXBuildFile; fileRef = 5F50BC4923E6F535003F28D7 /* GFBodyLabel.swift */; };
		5F50BC4C23E6F606003F28D7 /* GFAlertVC.swift in Sources */ = {isa = PBXBuildFile; fileRef = 5F50BC4B23E6F606003F28D7 /* GFAlertVC.swift */; };
		5F50BC4E23E6FBB5003F28D7 /* UIViewController+Ext.swift in Sources */ = {isa = PBXBuildFile; fileRef = 5F50BC4D23E6FBB5003F28D7 /* UIViewController+Ext.swift */; };
		5F63B0AF23E73CF5006FB484 /* NetworkManager.swift in Sources */ = {isa = PBXBuildFile; fileRef = 5F63B0AE23E73CF5006FB484 /* NetworkManager.swift */; };
		5F63B0B223E746DE006FB484 /* GFError.swift in Sources */ = {isa = PBXBuildFile; fileRef = 5F63B0B123E746DE006FB484 /* GFError.swift */; };
		5F8404FD23E9926C003C9815 /* PersistenceManager.swift in Sources */ = {isa = PBXBuildFile; fileRef = 5F8404FC23E9926C003C9815 /* PersistenceManager.swift */; };
		5F8FF89A23E7374400F5AFCC /* Follower.swift in Sources */ = {isa = PBXBuildFile; fileRef = 5F8FF89923E7374400F5AFCC /* Follower.swift */; };
		5F8FF89C23E7397F00F5AFCC /* User.swift in Sources */ = {isa = PBXBuildFile; fileRef = 5F8FF89B23E7397F00F5AFCC /* User.swift */; };
		5F9B58EA23E8896A00014663 /* GFUserInfoHeaderVC.swift in Sources */ = {isa = PBXBuildFile; fileRef = 5F9B58E923E8896A00014663 /* GFUserInfoHeaderVC.swift */; };
		5F9B58EC23E88A1300014663 /* GFSecondaryTitleLabel.swift in Sources */ = {isa = PBXBuildFile; fileRef = 5F9B58EB23E88A1300014663 /* GFSecondaryTitleLabel.swift */; };
		5F9B58EE23E88FAB00014663 /* Constants.swift in Sources */ = {isa = PBXBuildFile; fileRef = 5F9B58ED23E88FAB00014663 /* Constants.swift */; };
		5F9B58F023E896DF00014663 /* GFItemInfoView.swift in Sources */ = {isa = PBXBuildFile; fileRef = 5F9B58EF23E896DF00014663 /* GFItemInfoView.swift */; };
		5F9B58F223E8988800014663 /* GFItemInfoVC.swift in Sources */ = {isa = PBXBuildFile; fileRef = 5F9B58F123E8988800014663 /* GFItemInfoVC.swift */; };
		5F9B58F423E899DD00014663 /* GFRepoItem.swift in Sources */ = {isa = PBXBuildFile; fileRef = 5F9B58F323E899DD00014663 /* GFRepoItem.swift */; };
		5F9B58F623E89A0C00014663 /* GFFollowerItemVC.swift in Sources */ = {isa = PBXBuildFile; fileRef = 5F9B58F523E89A0C00014663 /* GFFollowerItemVC.swift */; };
		5F9B58F923E89CAD00014663 /* Date+ext.swift in Sources */ = {isa = PBXBuildFile; fileRef = 5F9B58F823E89CAD00014663 /* Date+ext.swift */; };
		5FAA5C4623EC8CDB001D435C /* UIView+ext.swift in Sources */ = {isa = PBXBuildFile; fileRef = 5FAA5C4523EC8CDB001D435C /* UIView+ext.swift */; };
		5FC4F2C023EB442400F28168 /* GFAlertContainerView.swift in Sources */ = {isa = PBXBuildFile; fileRef = 5FC4F2BF23EB442400F28168 /* GFAlertContainerView.swift */; };
		5FC4F2C223EB4B1A00F28168 /* GFDataLoadingVC.swift in Sources */ = {isa = PBXBuildFile; fileRef = 5FC4F2C123EB4B1A00F28168 /* GFDataLoadingVC.swift */; };
		5FE1648823E6116E007F1532 /* AppDelegate.swift in Sources */ = {isa = PBXBuildFile; fileRef = 5FE1648723E6116E007F1532 /* AppDelegate.swift */; };
		5FE1648A23E6116E007F1532 /* SceneDelegate.swift in Sources */ = {isa = PBXBuildFile; fileRef = 5FE1648923E6116E007F1532 /* SceneDelegate.swift */; };
		5FE1649123E6116F007F1532 /* Assets.xcassets in Resources */ = {isa = PBXBuildFile; fileRef = 5FE1649023E6116F007F1532 /* Assets.xcassets */; };
		5FE1649423E6116F007F1532 /* LaunchScreen.storyboard in Resources */ = {isa = PBXBuildFile; fileRef = 5FE1649223E6116F007F1532 /* LaunchScreen.storyboard */; };
		5FE1649C23E616E9007F1532 /* SearchVC.swift in Sources */ = {isa = PBXBuildFile; fileRef = 5FE1649B23E616E9007F1532 /* SearchVC.swift */; };
		5FE1649E23E616FC007F1532 /* FavoritesListVC.swift in Sources */ = {isa = PBXBuildFile; fileRef = 5FE1649D23E616FC007F1532 /* FavoritesListVC.swift */; };
		5FED750B23E7E93800AC4C2A /* UIHelper.swift in Sources */ = {isa = PBXBuildFile; fileRef = 5FED750A23E7E93800AC4C2A /* UIHelper.swift */; };
		5FED751323E81DDE00AC4C2A /* GFEmptyStateView.swift in Sources */ = {isa = PBXBuildFile; fileRef = 5FED751223E81DDE00AC4C2A /* GFEmptyStateView.swift */; };
		5FED751523E82F1300AC4C2A /* UserInfoVC.swift in Sources */ = {isa = PBXBuildFile; fileRef = 5FED751423E82F1300AC4C2A /* UserInfoVC.swift */; };
/* End PBXBuildFile section */

/* Begin PBXFileReference section */
		5F1012C323E7507F0022C3F0 /* FollowersCVCell.swift */ = {isa = PBXFileReference; lastKnownFileType = sourcecode.swift; path = FollowersCVCell.swift; sourceTree = "<group>"; };
		5F1012C523E751C80022C3F0 /* GFAvatarImageView.swift */ = {isa = PBXFileReference; lastKnownFileType = sourcecode.swift; path = GFAvatarImageView.swift; sourceTree = "<group>"; };
		5F4B1DA323E9D53200DE98E0 /* FavouriteCell.swift */ = {isa = PBXFileReference; lastKnownFileType = sourcecode.swift; path = FavouriteCell.swift; sourceTree = "<group>"; };
		5F4B1DA623E9E9A900DE98E0 /* GFTabBarController.swift */ = {isa = PBXFileReference; lastKnownFileType = sourcecode.swift; path = GFTabBarController.swift; sourceTree = "<group>"; };
		5F50BC3F23E6E307003F28D7 /* GFButton.swift */ = {isa = PBXFileReference; lastKnownFileType = sourcecode.swift; path = GFButton.swift; sourceTree = "<group>"; };
		5F50BC4123E6E6AF003F28D7 /* GFTextField.swift */ = {isa = PBXFileReference; lastKnownFileType = sourcecode.swift; path = GFTextField.swift; sourceTree = "<group>"; };
		5F50BC4323E6EFE5003F28D7 /* FollowerListVC.swift */ = {isa = PBXFileReference; lastKnownFileType = sourcecode.swift; path = FollowerListVC.swift; sourceTree = "<group>"; };
		5F50BC4723E6F3F2003F28D7 /* GFTitleLabel.swift */ = {isa = PBXFileReference; lastKnownFileType = sourcecode.swift; path = GFTitleLabel.swift; sourceTree = "<group>"; };
		5F50BC4923E6F535003F28D7 /* GFBodyLabel.swift */ = {isa = PBXFileReference; lastKnownFileType = sourcecode.swift; path = GFBodyLabel.swift; sourceTree = "<group>"; };
		5F50BC4B23E6F606003F28D7 /* GFAlertVC.swift */ = {isa = PBXFileReference; lastKnownFileType = sourcecode.swift; path = GFAlertVC.swift; sourceTree = "<group>"; };
		5F50BC4D23E6FBB5003F28D7 /* UIViewController+Ext.swift */ = {isa = PBXFileReference; lastKnownFileType = sourcecode.swift; path = "UIViewController+Ext.swift"; sourceTree = "<group>"; };
		5F63B0AE23E73CF5006FB484 /* NetworkManager.swift */ = {isa = PBXFileReference; lastKnownFileType = sourcecode.swift; path = NetworkManager.swift; sourceTree = "<group>"; };
		5F63B0B123E746DE006FB484 /* GFError.swift */ = {isa = PBXFileReference; lastKnownFileType = sourcecode.swift; path = GFError.swift; sourceTree = "<group>"; };
		5F8404FC23E9926C003C9815 /* PersistenceManager.swift */ = {isa = PBXFileReference; lastKnownFileType = sourcecode.swift; path = PersistenceManager.swift; sourceTree = "<group>"; };
		5F8FF89923E7374400F5AFCC /* Follower.swift */ = {isa = PBXFileReference; lastKnownFileType = sourcecode.swift; path = Follower.swift; sourceTree = "<group>"; };
		5F8FF89B23E7397F00F5AFCC /* User.swift */ = {isa = PBXFileReference; lastKnownFileType = sourcecode.swift; path = User.swift; sourceTree = "<group>"; };
		5F9B58E923E8896A00014663 /* GFUserInfoHeaderVC.swift */ = {isa = PBXFileReference; lastKnownFileType = sourcecode.swift; path = GFUserInfoHeaderVC.swift; sourceTree = "<group>"; };
		5F9B58EB23E88A1300014663 /* GFSecondaryTitleLabel.swift */ = {isa = PBXFileReference; lastKnownFileType = sourcecode.swift; path = GFSecondaryTitleLabel.swift; sourceTree = "<group>"; };
		5F9B58ED23E88FAB00014663 /* Constants.swift */ = {isa = PBXFileReference; lastKnownFileType = sourcecode.swift; path = Constants.swift; sourceTree = "<group>"; };
		5F9B58EF23E896DF00014663 /* GFItemInfoView.swift */ = {isa = PBXFileReference; lastKnownFileType = sourcecode.swift; path = GFItemInfoView.swift; sourceTree = "<group>"; };
		5F9B58F123E8988800014663 /* GFItemInfoVC.swift */ = {isa = PBXFileReference; lastKnownFileType = sourcecode.swift; path = GFItemInfoVC.swift; sourceTree = "<group>"; };
		5F9B58F323E899DD00014663 /* GFRepoItem.swift */ = {isa = PBXFileReference; lastKnownFileType = sourcecode.swift; path = GFRepoItem.swift; sourceTree = "<group>"; };
		5F9B58F523E89A0C00014663 /* GFFollowerItemVC.swift */ = {isa = PBXFileReference; lastKnownFileType = sourcecode.swift; path = GFFollowerItemVC.swift; sourceTree = "<group>"; };
		5F9B58F823E89CAD00014663 /* Date+ext.swift */ = {isa = PBXFileReference; lastKnownFileType = sourcecode.swift; path = "Date+ext.swift"; sourceTree = "<group>"; };
		5FAA5C4523EC8CDB001D435C /* UIView+ext.swift */ = {isa = PBXFileReference; lastKnownFileType = sourcecode.swift; path = "UIView+ext.swift"; sourceTree = "<group>"; };
		5FC4F2BF23EB442400F28168 /* GFAlertContainerView.swift */ = {isa = PBXFileReference; lastKnownFileType = sourcecode.swift; path = GFAlertContainerView.swift; sourceTree = "<group>"; };
		5FC4F2C123EB4B1A00F28168 /* GFDataLoadingVC.swift */ = {isa = PBXFileReference; lastKnownFileType = sourcecode.swift; path = GFDataLoadingVC.swift; sourceTree = "<group>"; };
		5FE1648423E6116E007F1532 /* GitFollowers.app */ = {isa = PBXFileReference; explicitFileType = wrapper.application; includeInIndex = 0; path = GitFollowers.app; sourceTree = BUILT_PRODUCTS_DIR; };
		5FE1648723E6116E007F1532 /* AppDelegate.swift */ = {isa = PBXFileReference; lastKnownFileType = sourcecode.swift; path = AppDelegate.swift; sourceTree = "<group>"; };
		5FE1648923E6116E007F1532 /* SceneDelegate.swift */ = {isa = PBXFileReference; lastKnownFileType = sourcecode.swift; path = SceneDelegate.swift; sourceTree = "<group>"; };
		5FE1649023E6116F007F1532 /* Assets.xcassets */ = {isa = PBXFileReference; lastKnownFileType = folder.assetcatalog; path = Assets.xcassets; sourceTree = "<group>"; };
		5FE1649323E6116F007F1532 /* Base */ = {isa = PBXFileReference; lastKnownFileType = file.storyboard; name = Base; path = Base.lproj/LaunchScreen.storyboard; sourceTree = "<group>"; };
		5FE1649523E6116F007F1532 /* Info.plist */ = {isa = PBXFileReference; lastKnownFileType = text.plist.xml; path = Info.plist; sourceTree = "<group>"; };
		5FE1649B23E616E9007F1532 /* SearchVC.swift */ = {isa = PBXFileReference; lastKnownFileType = sourcecode.swift; path = SearchVC.swift; sourceTree = "<group>"; };
		5FE1649D23E616FC007F1532 /* FavoritesListVC.swift */ = {isa = PBXFileReference; lastKnownFileType = sourcecode.swift; path = FavoritesListVC.swift; sourceTree = "<group>"; };
		5FED750A23E7E93800AC4C2A /* UIHelper.swift */ = {isa = PBXFileReference; lastKnownFileType = sourcecode.swift; path = UIHelper.swift; sourceTree = "<group>"; };
		5FED751223E81DDE00AC4C2A /* GFEmptyStateView.swift */ = {isa = PBXFileReference; lastKnownFileType = sourcecode.swift; path = GFEmptyStateView.swift; sourceTree = "<group>"; };
		5FED751423E82F1300AC4C2A /* UserInfoVC.swift */ = {isa = PBXFileReference; lastKnownFileType = sourcecode.swift; path = UserInfoVC.swift; sourceTree = "<group>"; };
/* End PBXFileReference section */

/* Begin PBXFrameworksBuildPhase section */
		5FE1648123E6116E007F1532 /* Frameworks */ = {
			isa = PBXFrameworksBuildPhase;
			buildActionMask = 2147483647;
			files = (
			);
			runOnlyForDeploymentPostprocessing = 0;
		};
/* End PBXFrameworksBuildPhase section */

/* Begin PBXGroup section */
		5F1012C223E7505C0022C3F0 /* Cells */ = {
			isa = PBXGroup;
			children = (
				5F1012C323E7507F0022C3F0 /* FollowersCVCell.swift */,
				5F4B1DA323E9D53200DE98E0 /* FavouriteCell.swift */,
			);
			path = Cells;
			sourceTree = "<group>";
		};
		5F4B1DA523E9E99200DE98E0 /* TabBarControllers */ = {
			isa = PBXGroup;
			children = (
				5F4B1DA623E9E9A900DE98E0 /* GFTabBarController.swift */,
			);
			path = TabBarControllers;
			sourceTree = "<group>";
		};
		5F63B0AD23E73CEA006FB484 /* Managers */ = {
			isa = PBXGroup;
			children = (
				5F63B0AE23E73CF5006FB484 /* NetworkManager.swift */,
				5F8404FC23E9926C003C9815 /* PersistenceManager.swift */,
			);
			path = Managers;
			sourceTree = "<group>";
		};
		5F63B0B023E746D1006FB484 /* Utilities */ = {
			isa = PBXGroup;
			children = (
				5F63B0B123E746DE006FB484 /* GFError.swift */,
				5FED750A23E7E93800AC4C2A /* UIHelper.swift */,
				5F9B58ED23E88FAB00014663 /* Constants.swift */,
			);
			path = Utilities;
			sourceTree = "<group>";
		};
		5F8FF89423E7314000F5AFCC /* Controllers */ = {
			isa = PBXGroup;
			children = (
				5FE1649B23E616E9007F1532 /* SearchVC.swift */,
				5F50BC4323E6EFE5003F28D7 /* FollowerListVC.swift */,
				5FED751423E82F1300AC4C2A /* UserInfoVC.swift */,
				5FE1649D23E616FC007F1532 /* FavoritesListVC.swift */,
			);
			path = Controllers;
			sourceTree = "<group>";
		};
		5F8FF89523E7318900F5AFCC /* Custom Views */ = {
			isa = PBXGroup;
			children = (
				5F4B1DA523E9E99200DE98E0 /* TabBarControllers */,
				5FED751123E81DC300AC4C2A /* Views */,
				5FED751023E81D9500AC4C2A /* Labels */,
				5FED750F23E81D6E00AC4C2A /* ViewControllers */,
				5FED750E23E81D5F00AC4C2A /* ImageViews */,
				5FED750D23E81D5600AC4C2A /* TextFields */,
				5FED750C23E81D4C00AC4C2A /* Buttons */,
				5F1012C223E7505C0022C3F0 /* Cells */,
			);
			path = "Custom Views";
			sourceTree = "<group>";
		};
		5F8FF89623E731B700F5AFCC /* Extension */ = {
			isa = PBXGroup;
			children = (
				5F50BC4D23E6FBB5003F28D7 /* UIViewController+Ext.swift */,
				5F9B58F823E89CAD00014663 /* Date+ext.swift */,
				5FAA5C4523EC8CDB001D435C /* UIView+ext.swift */,
			);
			path = Extension;
			sourceTree = "<group>";
		};
		5F8FF89723E7321800F5AFCC /* Support */ = {
			isa = PBXGroup;
			children = (
				5FE1648723E6116E007F1532 /* AppDelegate.swift */,
				5FE1648923E6116E007F1532 /* SceneDelegate.swift */,
				5FE1649023E6116F007F1532 /* Assets.xcassets */,
				5FE1649223E6116F007F1532 /* LaunchScreen.storyboard */,
			);
			path = Support;
			sourceTree = "<group>";
		};
		5F8FF89823E7373A00F5AFCC /* Model */ = {
			isa = PBXGroup;
			children = (
				5F8FF89923E7374400F5AFCC /* Follower.swift */,
				5F8FF89B23E7397F00F5AFCC /* User.swift */,
			);
			path = Model;
			sourceTree = "<group>";
		};
		5F9B58F723E89AF500014663 /* ItemInfoVCs */ = {
			isa = PBXGroup;
			children = (
				5F9B58F123E8988800014663 /* GFItemInfoVC.swift */,
				5F9B58F323E899DD00014663 /* GFRepoItem.swift */,
				5F9B58F523E89A0C00014663 /* GFFollowerItemVC.swift */,
			);
			path = ItemInfoVCs;
			sourceTree = "<group>";
		};
		5FE1647B23E6116E007F1532 = {
			isa = PBXGroup;
			children = (
				5FE1648623E6116E007F1532 /* GitFollowers */,
				5FE1648523E6116E007F1532 /* Products */,
			);
			sourceTree = "<group>";
		};
		5FE1648523E6116E007F1532 /* Products */ = {
			isa = PBXGroup;
			children = (
				5FE1648423E6116E007F1532 /* GitFollowers.app */,
			);
			name = Products;
			sourceTree = "<group>";
		};
		5FE1648623E6116E007F1532 /* GitFollowers */ = {
			isa = PBXGroup;
			children = (
				5F63B0B023E746D1006FB484 /* Utilities */,
				5F63B0AD23E73CEA006FB484 /* Managers */,
				5F8FF89823E7373A00F5AFCC /* Model */,
				5F8FF89623E731B700F5AFCC /* Extension */,
				5F8FF89523E7318900F5AFCC /* Custom Views */,
				5F8FF89423E7314000F5AFCC /* Controllers */,
				5F8FF89723E7321800F5AFCC /* Support */,
				5FE1649523E6116F007F1532 /* Info.plist */,
			);
			path = GitFollowers;
			sourceTree = "<group>";
		};
		5FED750C23E81D4C00AC4C2A /* Buttons */ = {
			isa = PBXGroup;
			children = (
				5F50BC3F23E6E307003F28D7 /* GFButton.swift */,
			);
			path = Buttons;
			sourceTree = "<group>";
		};
		5FED750D23E81D5600AC4C2A /* TextFields */ = {
			isa = PBXGroup;
			children = (
				5F50BC4123E6E6AF003F28D7 /* GFTextField.swift */,
			);
			path = TextFields;
			sourceTree = "<group>";
		};
		5FED750E23E81D5F00AC4C2A /* ImageViews */ = {
			isa = PBXGroup;
			children = (
				5F1012C523E751C80022C3F0 /* GFAvatarImageView.swift */,
				5F9B58EF23E896DF00014663 /* GFItemInfoView.swift */,
			);
			path = ImageViews;
			sourceTree = "<group>";
		};
		5FED750F23E81D6E00AC4C2A /* ViewControllers */ = {
			isa = PBXGroup;
			children = (
				5F9B58F723E89AF500014663 /* ItemInfoVCs */,
				5FC4F2C123EB4B1A00F28168 /* GFDataLoadingVC.swift */,
				5F50BC4B23E6F606003F28D7 /* GFAlertVC.swift */,
				5F9B58E923E8896A00014663 /* GFUserInfoHeaderVC.swift */,
			);
			path = ViewControllers;
			sourceTree = "<group>";
		};
		5FED751023E81D9500AC4C2A /* Labels */ = {
			isa = PBXGroup;
			children = (
				5F50BC4723E6F3F2003F28D7 /* GFTitleLabel.swift */,
				5F50BC4923E6F535003F28D7 /* GFBodyLabel.swift */,
				5F9B58EB23E88A1300014663 /* GFSecondaryTitleLabel.swift */,
			);
			path = Labels;
			sourceTree = "<group>";
		};
		5FED751123E81DC300AC4C2A /* Views */ = {
			isa = PBXGroup;
			children = (
				5FED751223E81DDE00AC4C2A /* GFEmptyStateView.swift */,
				5FC4F2BF23EB442400F28168 /* GFAlertContainerView.swift */,
			);
			path = Views;
			sourceTree = "<group>";
		};
/* End PBXGroup section */

/* Begin PBXNativeTarget section */
		5FE1648323E6116E007F1532 /* GitFollowers */ = {
			isa = PBXNativeTarget;
			buildConfigurationList = 5FE1649823E6116F007F1532 /* Build configuration list for PBXNativeTarget "GitFollowers" */;
			buildPhases = (
				5FE1648023E6116E007F1532 /* Sources */,
				5FE1648123E6116E007F1532 /* Frameworks */,
				5FE1648223E6116E007F1532 /* Resources */,
			);
			buildRules = (
			);
			dependencies = (
			);
			name = GitFollowers;
			productName = GitFollowers;
			productReference = 5FE1648423E6116E007F1532 /* GitFollowers.app */;
			productType = "com.apple.product-type.application";
		};
/* End PBXNativeTarget section */

/* Begin PBXProject section */
		5FE1647C23E6116E007F1532 /* Project object */ = {
			isa = PBXProject;
			attributes = {
				LastSwiftUpdateCheck = 1130;
				LastUpgradeCheck = 1320;
				ORGANIZATIONNAME = "Didar Naurzbayev";
				TargetAttributes = {
					5FE1648323E6116E007F1532 = {
						CreatedOnToolsVersion = 11.3;
					};
				};
			};
			buildConfigurationList = 5FE1647F23E6116E007F1532 /* Build configuration list for PBXProject "GitFollowers" */;
			compatibilityVersion = "Xcode 9.3";
			developmentRegion = en;
			hasScannedForEncodings = 0;
			knownRegions = (
				en,
				Base,
			);
			mainGroup = 5FE1647B23E6116E007F1532;
			productRefGroup = 5FE1648523E6116E007F1532 /* Products */;
			projectDirPath = "";
			projectRoot = "";
			targets = (
				5FE1648323E6116E007F1532 /* GitFollowers */,
			);
		};
/* End PBXProject section */

/* Begin PBXResourcesBuildPhase section */
		5FE1648223E6116E007F1532 /* Resources */ = {
			isa = PBXResourcesBuildPhase;
			buildActionMask = 2147483647;
			files = (
				5FE1649423E6116F007F1532 /* LaunchScreen.storyboard in Resources */,
				5FE1649123E6116F007F1532 /* Assets.xcassets in Resources */,
			);
			runOnlyForDeploymentPostprocessing = 0;
		};
/* End PBXResourcesBuildPhase section */

/* Begin PBXSourcesBuildPhase section */
		5FE1648023E6116E007F1532 /* Sources */ = {
			isa = PBXSourcesBuildPhase;
			buildActionMask = 2147483647;
			files = (
				5F4B1DA423E9D53200DE98E0 /* FavouriteCell.swift in Sources */,
				5F63B0B223E746DE006FB484 /* GFError.swift in Sources */,
				5F4B1DA723E9E9A900DE98E0 /* GFTabBarController.swift in Sources */,
				5F50BC4223E6E6AF003F28D7 /* GFTextField.swift in Sources */,
				5FE1649E23E616FC007F1532 /* FavoritesListVC.swift in Sources */,
				5F9B58EA23E8896A00014663 /* GFUserInfoHeaderVC.swift in Sources */,
				5FC4F2C223EB4B1A00F28168 /* GFDataLoadingVC.swift in Sources */,
				5F9B58F423E899DD00014663 /* GFRepoItem.swift in Sources */,
				5F50BC4E23E6FBB5003F28D7 /* UIViewController+Ext.swift in Sources */,
				5F50BC4023E6E307003F28D7 /* GFButton.swift in Sources */,
				5FED751323E81DDE00AC4C2A /* GFEmptyStateView.swift in Sources */,
				5F9B58EC23E88A1300014663 /* GFSecondaryTitleLabel.swift in Sources */,
				5FE1649C23E616E9007F1532 /* SearchVC.swift in Sources */,
				5F50BC4423E6EFE5003F28D7 /* FollowerListVC.swift in Sources */,
				5F8FF89C23E7397F00F5AFCC /* User.swift in Sources */,
				5F9B58F023E896DF00014663 /* GFItemInfoView.swift in Sources */,
				5F1012C623E751C80022C3F0 /* GFAvatarImageView.swift in Sources */,
				5F50BC4C23E6F606003F28D7 /* GFAlertVC.swift in Sources */,
				5FED751523E82F1300AC4C2A /* UserInfoVC.swift in Sources */,
				5F8FF89A23E7374400F5AFCC /* Follower.swift in Sources */,
				5FE1648823E6116E007F1532 /* AppDelegate.swift in Sources */,
				5F50BC4823E6F3F2003F28D7 /* GFTitleLabel.swift in Sources */,
				5FC4F2C023EB442400F28168 /* GFAlertContainerView.swift in Sources */,
				5F9B58F223E8988800014663 /* GFItemInfoVC.swift in Sources */,
				5FAA5C4623EC8CDB001D435C /* UIView+ext.swift in Sources */,
				5F9B58F623E89A0C00014663 /* GFFollowerItemVC.swift in Sources */,
				5F8404FD23E9926C003C9815 /* PersistenceManager.swift in Sources */,
				5F1012C423E7507F0022C3F0 /* FollowersCVCell.swift in Sources */,
				5FED750B23E7E93800AC4C2A /* UIHelper.swift in Sources */,
				5F63B0AF23E73CF5006FB484 /* NetworkManager.swift in Sources */,
				5FE1648A23E6116E007F1532 /* SceneDelegate.swift in Sources */,
				5F9B58F923E89CAD00014663 /* Date+ext.swift in Sources */,
				5F50BC4A23E6F535003F28D7 /* GFBodyLabel.swift in Sources */,
				5F9B58EE23E88FAB00014663 /* Constants.swift in Sources */,
			);
			runOnlyForDeploymentPostprocessing = 0;
		};
/* End PBXSourcesBuildPhase section */

/* Begin PBXVariantGroup section */
		5FE1649223E6116F007F1532 /* LaunchScreen.storyboard */ = {
			isa = PBXVariantGroup;
			children = (
				5FE1649323E6116F007F1532 /* Base */,
			);
			name = LaunchScreen.storyboard;
			sourceTree = "<group>";
		};
/* End PBXVariantGroup section */

/* Begin XCBuildConfiguration section */
		5FE1649623E6116F007F1532 /* Debug */ = {
			isa = XCBuildConfiguration;
			buildSettings = {
				ALWAYS_SEARCH_USER_PATHS = NO;
				CLANG_ANALYZER_NONNULL = YES;
				CLANG_ANALYZER_NUMBER_OBJECT_CONVERSION = YES_AGGRESSIVE;
				CLANG_CXX_LANGUAGE_STANDARD = "gnu++14";
				CLANG_CXX_LIBRARY = "libc++";
				CLANG_ENABLE_MODULES = YES;
				CLANG_ENABLE_OBJC_ARC = YES;
				CLANG_ENABLE_OBJC_WEAK = YES;
				CLANG_WARN_BLOCK_CAPTURE_AUTORELEASING = YES;
				CLANG_WARN_BOOL_CONVERSION = YES;
				CLANG_WARN_COMMA = YES;
				CLANG_WARN_CONSTANT_CONVERSION = YES;
				CLANG_WARN_DEPRECATED_OBJC_IMPLEMENTATIONS = YES;
				CLANG_WARN_DIRECT_OBJC_ISA_USAGE = YES_ERROR;
				CLANG_WARN_DOCUMENTATION_COMMENTS = YES;
				CLANG_WARN_EMPTY_BODY = YES;
				CLANG_WARN_ENUM_CONVERSION = YES;
				CLANG_WARN_INFINITE_RECURSION = YES;
				CLANG_WARN_INT_CONVERSION = YES;
				CLANG_WARN_NON_LITERAL_NULL_CONVERSION = YES;
				CLANG_WARN_OBJC_IMPLICIT_RETAIN_SELF = YES;
				CLANG_WARN_OBJC_LITERAL_CONVERSION = YES;
				CLANG_WARN_OBJC_ROOT_CLASS = YES_ERROR;
				CLANG_WARN_QUOTED_INCLUDE_IN_FRAMEWORK_HEADER = YES;
				CLANG_WARN_RANGE_LOOP_ANALYSIS = YES;
				CLANG_WARN_STRICT_PROTOTYPES = YES;
				CLANG_WARN_SUSPICIOUS_MOVE = YES;
				CLANG_WARN_UNGUARDED_AVAILABILITY = YES_AGGRESSIVE;
				CLANG_WARN_UNREACHABLE_CODE = YES;
				CLANG_WARN__DUPLICATE_METHOD_MATCH = YES;
				COPY_PHASE_STRIP = NO;
				DEBUG_INFORMATION_FORMAT = dwarf;
				ENABLE_STRICT_OBJC_MSGSEND = YES;
				ENABLE_TESTABILITY = YES;
				GCC_C_LANGUAGE_STANDARD = gnu11;
				GCC_DYNAMIC_NO_PIC = NO;
				GCC_NO_COMMON_BLOCKS = YES;
				GCC_OPTIMIZATION_LEVEL = 0;
				GCC_PREPROCESSOR_DEFINITIONS = (
					"DEBUG=1",
					"$(inherited)",
				);
				GCC_WARN_64_TO_32_BIT_CONVERSION = YES;
				GCC_WARN_ABOUT_RETURN_TYPE = YES_ERROR;
				GCC_WARN_UNDECLARED_SELECTOR = YES;
				GCC_WARN_UNINITIALIZED_AUTOS = YES_AGGRESSIVE;
				GCC_WARN_UNUSED_FUNCTION = YES;
				GCC_WARN_UNUSED_VARIABLE = YES;
				IPHONEOS_DEPLOYMENT_TARGET = 15.2;
				MTL_ENABLE_DEBUG_INFO = INCLUDE_SOURCE;
				MTL_FAST_MATH = YES;
				ONLY_ACTIVE_ARCH = YES;
				SDKROOT = iphoneos;
				SWIFT_ACTIVE_COMPILATION_CONDITIONS = DEBUG;
				SWIFT_OPTIMIZATION_LEVEL = "-Onone";
			};
			name = Debug;
		};
		5FE1649723E6116F007F1532 /* Release */ = {
			isa = XCBuildConfiguration;
			buildSettings = {
				ALWAYS_SEARCH_USER_PATHS = NO;
				CLANG_ANALYZER_NONNULL = YES;
				CLANG_ANALYZER_NUMBER_OBJECT_CONVERSION = YES_AGGRESSIVE;
				CLANG_CXX_LANGUAGE_STANDARD = "gnu++14";
				CLANG_CXX_LIBRARY = "libc++";
				CLANG_ENABLE_MODULES = YES;
				CLANG_ENABLE_OBJC_ARC = YES;
				CLANG_ENABLE_OBJC_WEAK = YES;
				CLANG_WARN_BLOCK_CAPTURE_AUTORELEASING = YES;
				CLANG_WARN_BOOL_CONVERSION = YES;
				CLANG_WARN_COMMA = YES;
				CLANG_WARN_CONSTANT_CONVERSION = YES;
				CLANG_WARN_DEPRECATED_OBJC_IMPLEMENTATIONS = YES;
				CLANG_WARN_DIRECT_OBJC_ISA_USAGE = YES_ERROR;
				CLANG_WARN_DOCUMENTATION_COMMENTS = YES;
				CLANG_WARN_EMPTY_BODY = YES;
				CLANG_WARN_ENUM_CONVERSION = YES;
				CLANG_WARN_INFINITE_RECURSION = YES;
				CLANG_WARN_INT_CONVERSION = YES;
				CLANG_WARN_NON_LITERAL_NULL_CONVERSION = YES;
				CLANG_WARN_OBJC_IMPLICIT_RETAIN_SELF = YES;
				CLANG_WARN_OBJC_LITERAL_CONVERSION = YES;
				CLANG_WARN_OBJC_ROOT_CLASS = YES_ERROR;
				CLANG_WARN_QUOTED_INCLUDE_IN_FRAMEWORK_HEADER = YES;
				CLANG_WARN_RANGE_LOOP_ANALYSIS = YES;
				CLANG_WARN_STRICT_PROTOTYPES = YES;
				CLANG_WARN_SUSPICIOUS_MOVE = YES;
				CLANG_WARN_UNGUARDED_AVAILABILITY = YES_AGGRESSIVE;
				CLANG_WARN_UNREACHABLE_CODE = YES;
				CLANG_WARN__DUPLICATE_METHOD_MATCH = YES;
				COPY_PHASE_STRIP = NO;
				DEBUG_INFORMATION_FORMAT = "dwarf-with-dsym";
				ENABLE_NS_ASSERTIONS = NO;
				ENABLE_STRICT_OBJC_MSGSEND = YES;
				GCC_C_LANGUAGE_STANDARD = gnu11;
				GCC_NO_COMMON_BLOCKS = YES;
				GCC_WARN_64_TO_32_BIT_CONVERSION = YES;
				GCC_WARN_ABOUT_RETURN_TYPE = YES_ERROR;
				GCC_WARN_UNDECLARED_SELECTOR = YES;
				GCC_WARN_UNINITIALIZED_AUTOS = YES_AGGRESSIVE;
				GCC_WARN_UNUSED_FUNCTION = YES;
				GCC_WARN_UNUSED_VARIABLE = YES;
				IPHONEOS_DEPLOYMENT_TARGET = 15.2;
				MTL_ENABLE_DEBUG_INFO = NO;
				MTL_FAST_MATH = YES;
				SDKROOT = iphoneos;
				SWIFT_COMPILATION_MODE = wholemodule;
				SWIFT_OPTIMIZATION_LEVEL = "-O";
				VALIDATE_PRODUCT = YES;
			};
			name = Release;
		};
		5FE1649923E6116F007F1532 /* Debug */ = {
			isa = XCBuildConfiguration;
			buildSettings = {
				ASSETCATALOG_COMPILER_APPICON_NAME = AppIcon;
				CODE_SIGN_STYLE = Automatic;
				DEVELOPMENT_TEAM = PWZT8E272V;
				INFOPLIST_FILE = GitFollowers/Info.plist;
				LD_RUNPATH_SEARCH_PATHS = (
					"$(inherited)",
					"@executable_path/Frameworks",
				);
				PRODUCT_BUNDLE_IDENTIFIER = com.didarnaurzbayev.GitFollowers;
				PRODUCT_NAME = "$(TARGET_NAME)";
				SWIFT_VERSION = 5.0;
				TARGETED_DEVICE_FAMILY = 1;
			};
			name = Debug;
		};
		5FE1649A23E6116F007F1532 /* Release */ = {
			isa = XCBuildConfiguration;
			buildSettings = {
				ASSETCATALOG_COMPILER_APPICON_NAME = AppIcon;
				CODE_SIGN_STYLE = Automatic;
				DEVELOPMENT_TEAM = PWZT8E272V;
				INFOPLIST_FILE = GitFollowers/Info.plist;
				LD_RUNPATH_SEARCH_PATHS = (
					"$(inherited)",
					"@executable_path/Frameworks",
				);
				PRODUCT_BUNDLE_IDENTIFIER = com.didarnaurzbayev.GitFollowers;
				PRODUCT_NAME = "$(TARGET_NAME)";
				SWIFT_VERSION = 5.0;
				TARGETED_DEVICE_FAMILY = 1;
			};
			name = Release;
		};
/* End XCBuildConfiguration section */

/* Begin XCConfigurationList section */
		5FE1647F23E6116E007F1532 /* Build configuration list for PBXProject "GitFollowers" */ = {
			isa = XCConfigurationList;
			buildConfigurations = (
				5FE1649623E6116F007F1532 /* Debug */,
				5FE1649723E6116F007F1532 /* Release */,
			);
			defaultConfigurationIsVisible = 0;
			defaultConfigurationName = Release;
		};
		5FE1649823E6116F007F1532 /* Build configuration list for PBXNativeTarget "GitFollowers" */ = {
			isa = XCConfigurationList;
			buildConfigurations = (
				5FE1649923E6116F007F1532 /* Debug */,
				5FE1649A23E6116F007F1532 /* Release */,
			);
			defaultConfigurationIsVisible = 0;
			defaultConfigurationName = Release;
		};
/* End XCConfigurationList section */
	};
	rootObject = 5FE1647C23E6116E007F1532 /* Project object */;
}
